
Microsoft Visual Studio Solution File, Format Version 12.00
# Visual Studio Version 17
VisualStudioVersion = 17.4.33213.308
MinimumVisualStudioVersion = 10.0.40219.1
Project("{FAE04EC0-301F-11D3-BF4B-00C04F79EFBC}") = "Project", "Project\Project.csproj", "{4162D530-A463-4A93-B18D-705E59627BA7}"
EndProject
Global
	GlobalSection(SolutionConfigurationPlatforms) = preSolution
		Debug|Any CPU = Debug|Any CPU
		Release|Any CPU = Release|Any CPU
	EndGlobalSection
	GlobalSection(ProjectConfigurationPlatforms) = postSolution
		{4162D530-A463-4A93-B18D-705E59627BA7}.Debug|Any CPU.ActiveCfg = Debug|Any CPU
		{4162D530-A463-4A93-B18D-705E59627BA7}.Debug|Any CPU.Build.0 = Debug|Any CPU
		{4162D530-A463-4A93-B18D-705E59627BA7}.Release|Any CPU.ActiveCfg = Release|Any CPU
		{4162D530-A463-4A93-B18D-705E59627BA7}.Release|Any CPU.Build.0 = Release|Any CPU
	EndGlobalSection
	GlobalSection(SolutionProperties) = preSolution
		HideSolutionNode = FALSE
	EndGlobalSection
	GlobalSection(ExtensibilityGlobals) = postSolution
		SolutionGuid = {60C55130-2D50-4345-899B-FC0B9B410AFE}
	EndGlobalSection
EndGlobal
